
Microsoft Visual Studio Solution File, Format Version 12.00
# Visual Studio 15
VisualStudioVersion = 15.0.27130.2020
MinimumVisualStudioVersion = 10.0.40219.1
Project("{8BC9CEB8-8B4A-11D0-8D11-00A0C91BC942}") = "11 Kopiowanie struktur", "11 Kopiowanie struktur\11 Kopiowanie struktur.vcxproj", "{F5466B01-F564-44A7-B778-641778D38FFE}"
EndProject
Global
	GlobalSection(SolutionConfigurationPlatforms) = preSolution
		Debug|x64 = Debug|x64
		Debug|x86 = Debug|x86
		Release|x64 = Release|x64
		Release|x86 = Release|x86
	EndGlobalSection
	GlobalSection(ProjectConfigurationPlatforms) = postSolution
		{F5466B01-F564-44A7-B778-641778D38FFE}.Debug|x64.ActiveCfg = Debug|x64
		{F5466B01-F564-44A7-B778-641778D38FFE}.Debug|x64.Build.0 = Debug|x64
		{F5466B01-F564-44A7-B778-641778D38FFE}.Debug|x86.ActiveCfg = Debug|Win32
		{F5466B01-F564-44A7-B778-641778D38FFE}.Debug|x86.Build.0 = Debug|Win32
		{F5466B01-F564-44A7-B778-641778D38FFE}.Release|x64.ActiveCfg = Release|x64
		{F5466B01-F564-44A7-B778-641778D38FFE}.Release|x64.Build.0 = Release|x64
		{F5466B01-F564-44A7-B778-641778D38FFE}.Release|x86.ActiveCfg = Release|Win32
		{F5466B01-F564-44A7-B778-641778D38FFE}.Release|x86.Build.0 = Release|Win32
	EndGlobalSection
	GlobalSection(SolutionProperties) = preSolution
		HideSolutionNode = FALSE
	EndGlobalSection
	GlobalSection(ExtensibilityGlobals) = postSolution
		SolutionGuid = {8910789B-550C-4AAE-A106-6D148123766E}
	EndGlobalSection
EndGlobal
